// !$*UTF8*$!
{
	archiveVersion = 1;
	classes = {
	};
	objectVersion = 56;
	objects = {

/* Begin PBXBuildFile section */
		354F5A5B2C94960A00CBFA57 /* NSAttributedString+Attributes.m in Sources */ = {isa = PBXBuildFile; fileRef = 354F5A5A2C94960A00CBFA57 /* NSAttributedString+Attributes.m */; };
		354F5A802C95245B00CBFA57 /* docflash2.tiff in Resources */ = {isa = PBXBuildFile; fileRef = 354F5A752C95245B00CBFA57 /* docflash2.tiff */; };
		354F5A812C95245B00CBFA57 /* icon1.tiff in Resources */ = {isa = PBXBuildFile; fileRef = 354F5A762C95245B00CBFA57 /* icon1.tiff */; };
		354F5A822C95245B00CBFA57 /* project.style in Resources */ = {isa = PBXBuildFile; fileRef = 354F5A772C95245B00CBFA57 /* project.style */; };
		354F5A832C95245B00CBFA57 /* docflash.tiff in Resources */ = {isa = PBXBuildFile; fileRef = 354F5A782C95245B00CBFA57 /* docflash.tiff */; };
		354F5A842C95245B00CBFA57 /* default.style in Resources */ = {isa = PBXBuildFile; fileRef = 354F5A792C95245B00CBFA57 /* default.style */; };
		354F5A852C95245B00CBFA57 /* blank.html in Resources */ = {isa = PBXBuildFile; fileRef = 354F5A7A2C95245B00CBFA57 /* blank.html */; };
		354F5A862C95245B00CBFA57 /* worldbook2.tiff in Resources */ = {isa = PBXBuildFile; fileRef = 354F5A7B2C95245B00CBFA57 /* worldbook2.tiff */; };
		354F5A872C95245B00CBFA57 /* default.html in Resources */ = {isa = PBXBuildFile; fileRef = 354F5A7C2C95245B00CBFA57 /* default.html */; };
		354F5A882C95245B00CBFA57 /* compact.style in Resources */ = {isa = PBXBuildFile; fileRef = 354F5A7D2C95245B00CBFA57 /* compact.style */; };
		354F5A892C95245B00CBFA57 /* help.html in Resources */ = {isa = PBXBuildFile; fileRef = 354F5A7E2C95245B00CBFA57 /* help.html */; };
		354F5A8A2C95245B00CBFA57 /* paper.style in Resources */ = {isa = PBXBuildFile; fileRef = 354F5A7F2C95245B00CBFA57 /* paper.style */; };
		3590F34F2BFC108E00E81CF2 /* WorldWideWeb.xib in Resources */ = {isa = PBXBuildFile; fileRef = 3590F34E2BFC108E00E81CF2 /* WorldWideWeb.xib */; };
		35DC78E12BFAD62100432284 /* AppDelegate.m in Sources */ = {isa = PBXBuildFile; fileRef = 35DC78E02BFAD62100432284 /* AppDelegate.m */; };
		35DC78E32BFAD62200432284 /* Assets.xcassets in Resources */ = {isa = PBXBuildFile; fileRef = 35DC78E22BFAD62200432284 /* Assets.xcassets */; };
		35DC792D2BFAD6AB00432284 /* WorldWideWeb_main.m in Sources */ = {isa = PBXBuildFile; fileRef = 35DC78F12BFAD6AA00432284 /* WorldWideWeb_main.m */; };
		35DC792E2BFAD6AB00432284 /* HTParse.c in Sources */ = {isa = PBXBuildFile; fileRef = 35DC78F22BFAD6AA00432284 /* HTParse.c */; };
		35DC79312BFAD6AB00432284 /* TcpAccess.m in Sources */ = {isa = PBXBuildFile; fileRef = 35DC78F72BFAD6AA00432284 /* TcpAccess.m */; };
		35DC79322BFAD6AB00432284 /* HyperManager.m in Sources */ = {isa = PBXBuildFile; fileRef = 35DC78F82BFAD6AA00432284 /* HyperManager.m */; };
		35DC79362BFAD6AB00432284 /* Anchor.m in Sources */ = {isa = PBXBuildFile; fileRef = 35DC78FF2BFAD6AA00432284 /* Anchor.m */; };
		35DC793B2BFAD6AB00432284 /* HyperAccess.m in Sources */ = {isa = PBXBuildFile; fileRef = 35DC79092BFAD6AA00432284 /* HyperAccess.m */; };
		35DC793C2BFAD6AB00432284 /* StyleToy.m in Sources */ = {isa = PBXBuildFile; fileRef = 35DC790A2BFAD6AA00432284 /* StyleToy.m */; };
		35DC793E2BFAD6AB00432284 /* HTTCP.c in Sources */ = {isa = PBXBuildFile; fileRef = 35DC790F2BFAD6AA00432284 /* HTTCP.c */; };
		35DC793F2BFAD6AB00432284 /* WWWPageLayout.m in Sources */ = {isa = PBXBuildFile; fileRef = 35DC79112BFAD6AA00432284 /* WWWPageLayout.m */; };
		35DC79402BFAD6AB00432284 /* FileAccess.m in Sources */ = {isa = PBXBuildFile; fileRef = 35DC79122BFAD6AA00432284 /* FileAccess.m */; };
		35DC79422BFAD6AB00432284 /* NewsAccess.m in Sources */ = {isa = PBXBuildFile; fileRef = 35DC79182BFAD6AA00432284 /* NewsAccess.m */; };
		35DC79432BFAD6AB00432284 /* HTFile.c in Sources */ = {isa = PBXBuildFile; fileRef = 35DC79192BFAD6AA00432284 /* HTFile.c */; };
		35DC79442BFAD6AB00432284 /* HTFTP.c in Sources */ = {isa = PBXBuildFile; fileRef = 35DC791A2BFAD6AA00432284 /* HTFTP.c */; };
		35DC79462BFAD6AB00432284 /* HTAccess.c in Sources */ = {isa = PBXBuildFile; fileRef = 35DC791C2BFAD6AB00432284 /* HTAccess.c */; };
		35DC79482BFAD6AB00432284 /* HyperText.m in Sources */ = {isa = PBXBuildFile; fileRef = 35DC791E2BFAD6AB00432284 /* HyperText.m */; };
		35DC794A2BFAD6AB00432284 /* HTTP.c in Sources */ = {isa = PBXBuildFile; fileRef = 35DC79202BFAD6AB00432284 /* HTTP.c */; };
		35DC794D2BFAD6AB00432284 /* HTString.c in Sources */ = {isa = PBXBuildFile; fileRef = 35DC79252BFAD6AB00432284 /* HTString.c */; };
		35DC794E2BFAD6AB00432284 /* TextToy.m in Sources */ = {isa = PBXBuildFile; fileRef = 35DC79272BFAD6AB00432284 /* TextToy.m */; };
		35DC79502BFAD6AB00432284 /* HTStyle.m in Sources */ = {isa = PBXBuildFile; fileRef = 35DC79292BFAD6AB00432284 /* HTStyle.m */; };
/* End PBXBuildFile section */

/* Begin PBXFileReference section */
		354F5A592C94960A00CBFA57 /* NSAttributedString+Attributes.h */ = {isa = PBXFileReference; lastKnownFileType = sourcecode.c.h; path = "NSAttributedString+Attributes.h"; sourceTree = "<group>"; };
		354F5A5A2C94960A00CBFA57 /* NSAttributedString+Attributes.m */ = {isa = PBXFileReference; lastKnownFileType = sourcecode.c.objc; path = "NSAttributedString+Attributes.m"; sourceTree = "<group>"; };
		354F5A5C2C94A55800CBFA57 /* HyperTextDelegate.h */ = {isa = PBXFileReference; lastKnownFileType = sourcecode.c.h; path = HyperTextDelegate.h; sourceTree = "<group>"; };
		354F5A752C95245B00CBFA57 /* docflash2.tiff */ = {isa = PBXFileReference; lastKnownFileType = image.tiff; name = docflash2.tiff; path = Legacy/WorldWideWeb.app/docflash2.tiff; sourceTree = SOURCE_ROOT; };
		354F5A762C95245B00CBFA57 /* icon1.tiff */ = {isa = PBXFileReference; lastKnownFileType = image.tiff; name = icon1.tiff; path = Legacy/WorldWideWeb.app/icon1.tiff; sourceTree = SOURCE_ROOT; };
		354F5A772C95245B00CBFA57 /* project.style */ = {isa = PBXFileReference; fileEncoding = 4; lastKnownFileType = text; name = project.style; path = Legacy/WorldWideWeb.app/project.style; sourceTree = SOURCE_ROOT; };
		354F5A782C95245B00CBFA57 /* docflash.tiff */ = {isa = PBXFileReference; lastKnownFileType = image.tiff; name = docflash.tiff; path = Legacy/WorldWideWeb.app/docflash.tiff; sourceTree = SOURCE_ROOT; };
		354F5A792C95245B00CBFA57 /* default.style */ = {isa = PBXFileReference; fileEncoding = 4; lastKnownFileType = text; name = default.style; path = Legacy/WorldWideWeb.app/default.style; sourceTree = SOURCE_ROOT; };
		354F5A7A2C95245B00CBFA57 /* blank.html */ = {isa = PBXFileReference; fileEncoding = 4; lastKnownFileType = text.html; name = blank.html; path = Legacy/WorldWideWeb.app/blank.html; sourceTree = SOURCE_ROOT; };
		354F5A7B2C95245B00CBFA57 /* worldbook2.tiff */ = {isa = PBXFileReference; lastKnownFileType = image.tiff; name = worldbook2.tiff; path = Legacy/WorldWideWeb.app/worldbook2.tiff; sourceTree = SOURCE_ROOT; };
		354F5A7C2C95245B00CBFA57 /* default.html */ = {isa = PBXFileReference; fileEncoding = 4; lastKnownFileType = text.html; name = default.html; path = Legacy/WorldWideWeb.app/default.html; sourceTree = SOURCE_ROOT; };
		354F5A7D2C95245B00CBFA57 /* compact.style */ = {isa = PBXFileReference; fileEncoding = 4; lastKnownFileType = text; name = compact.style; path = Legacy/WorldWideWeb.app/compact.style; sourceTree = SOURCE_ROOT; };
		354F5A7E2C95245B00CBFA57 /* help.html */ = {isa = PBXFileReference; fileEncoding = 4; lastKnownFileType = text.html; name = help.html; path = Legacy/WorldWideWeb.app/help.html; sourceTree = SOURCE_ROOT; };
		354F5A7F2C95245B00CBFA57 /* paper.style */ = {isa = PBXFileReference; fileEncoding = 4; lastKnownFileType = text; name = paper.style; path = Legacy/WorldWideWeb.app/paper.style; sourceTree = SOURCE_ROOT; };
		3590F34E2BFC108E00E81CF2 /* WorldWideWeb.xib */ = {isa = PBXFileReference; fileEncoding = 4; lastKnownFileType = file.xib; path = WorldWideWeb.xib; sourceTree = "<group>"; };
		359DEE762C90CFCB00FDB95E /* MainMenu.xib */ = {isa = PBXFileReference; lastKnownFileType = file.xib; path = MainMenu.xib; sourceTree = "<group>"; };
		359DEE772C90CFCB00FDB95E /* Minimal.xib */ = {isa = PBXFileReference; lastKnownFileType = file.xib; path = Minimal.xib; sourceTree = "<group>"; };
		359DEE782C90CFCB00FDB95E /* MinimalPlaceholders.xib */ = {isa = PBXFileReference; lastKnownFileType = file.xib; path = MinimalPlaceholders.xib; sourceTree = "<group>"; };
		359DEE792C90CFCB00FDB95E /* MinimalWindow.xib */ = {isa = PBXFileReference; lastKnownFileType = file.xib; path = MinimalWindow.xib; sourceTree = "<group>"; };
		359DEE7C2C91147900FDB95E /* WorldWideWeb.json */ = {isa = PBXFileReference; fileEncoding = 4; lastKnownFileType = text.json; path = WorldWideWeb.json; sourceTree = "<group>"; };
		359DEE7D2C91147900FDB95E /* WorldWideWeb.xml */ = {isa = PBXFileReference; fileEncoding = 4; lastKnownFileType = text.xml; path = WorldWideWeb.xml; sourceTree = "<group>"; };
		359DEE802C91148100FDB95E /* convert-nib-to-graph */ = {isa = PBXFileReference; explicitFileType = text.script.python; fileEncoding = 4; path = "convert-nib-to-graph"; sourceTree = "<group>"; };
		359DEE812C91148100FDB95E /* convert-nib-to-json */ = {isa = PBXFileReference; explicitFileType = text.script.python; fileEncoding = 4; path = "convert-nib-to-json"; sourceTree = "<group>"; };
		359DEE822C91148100FDB95E /* convert-nib-to-xib */ = {isa = PBXFileReference; explicitFileType = text.script.python; fileEncoding = 4; path = "convert-nib-to-xib"; sourceTree = "<group>"; };
		359DEE832C91148100FDB95E /* convert-nib-to-xml */ = {isa = PBXFileReference; explicitFileType = text.script.python; fileEncoding = 4; path = "convert-nib-to-xml"; sourceTree = "<group>"; };
		359DEE842C91148100FDB95E /* format */ = {isa = PBXFileReference; explicitFileType = text.script; fileEncoding = 4; path = format; sourceTree = "<group>"; };
		359DEE852C91148100FDB95E /* regenerate-xibs */ = {isa = PBXFileReference; explicitFileType = text.script; fileEncoding = 4; path = "regenerate-xibs"; sourceTree = "<group>"; };
		359DEE862C91148100FDB95E /* requirements.txt */ = {isa = PBXFileReference; fileEncoding = 4; lastKnownFileType = text; path = requirements.txt; sourceTree = "<group>"; };
		35DC78DD2BFAD62100432284 /* WorldWideWeb.app */ = {isa = PBXFileReference; explicitFileType = wrapper.application; includeInIndex = 0; path = WorldWideWeb.app; sourceTree = BUILT_PRODUCTS_DIR; };
		35DC78DF2BFAD62100432284 /* AppDelegate.h */ = {isa = PBXFileReference; lastKnownFileType = sourcecode.c.h; path = AppDelegate.h; sourceTree = "<group>"; };
		35DC78E02BFAD62100432284 /* AppDelegate.m */ = {isa = PBXFileReference; lastKnownFileType = sourcecode.c.objc; path = AppDelegate.m; sourceTree = "<group>"; };
		35DC78E22BFAD62200432284 /* Assets.xcassets */ = {isa = PBXFileReference; lastKnownFileType = folder.assetcatalog; path = Assets.xcassets; sourceTree = "<group>"; };
		35DC78E92BFAD62200432284 /* WorldWideWeb.entitlements */ = {isa = PBXFileReference; lastKnownFileType = text.plist.entitlements; path = WorldWideWeb.entitlements; sourceTree = "<group>"; };
		35DC78ED2BFAD6AA00432284 /* ParseHTML.h */ = {isa = PBXFileReference; fileEncoding = 4; lastKnownFileType = sourcecode.c.h; path = ParseHTML.h; sourceTree = "<group>"; };
		35DC78F02BFAD6AA00432284 /* Anchor.h */ = {isa = PBXFileReference; fileEncoding = 4; lastKnownFileType = sourcecode.c.h; path = Anchor.h; sourceTree = "<group>"; };
		35DC78F12BFAD6AA00432284 /* WorldWideWeb_main.m */ = {isa = PBXFileReference; fileEncoding = 4; lastKnownFileType = sourcecode.c.objc; path = WorldWideWeb_main.m; sourceTree = "<group>"; };
		35DC78F22BFAD6AA00432284 /* HTParse.c */ = {isa = PBXFileReference; fileEncoding = 4; lastKnownFileType = sourcecode.c.c; path = HTParse.c; sourceTree = "<group>"; };
		35DC78F42BFAD6AA00432284 /* tcp.h */ = {isa = PBXFileReference; fileEncoding = 4; lastKnownFileType = sourcecode.c.h; path = tcp.h; sourceTree = "<group>"; };
		35DC78F62BFAD6AA00432284 /* HTUtils.h */ = {isa = PBXFileReference; fileEncoding = 4; lastKnownFileType = sourcecode.c.h; path = HTUtils.h; sourceTree = "<group>"; };
		35DC78F72BFAD6AA00432284 /* TcpAccess.m */ = {isa = PBXFileReference; fileEncoding = 4; lastKnownFileType = sourcecode.c.objc; path = TcpAccess.m; sourceTree = "<group>"; };
		35DC78F82BFAD6AA00432284 /* HyperManager.m */ = {isa = PBXFileReference; fileEncoding = 4; lastKnownFileType = sourcecode.c.objc; path = HyperManager.m; sourceTree = "<group>"; };
		35DC78FA2BFAD6AA00432284 /* WWWPageLayout.h */ = {isa = PBXFileReference; fileEncoding = 4; lastKnownFileType = sourcecode.c.h; path = WWWPageLayout.h; sourceTree = "<group>"; };
		35DC78FC2BFAD6AA00432284 /* HyperManager.h */ = {isa = PBXFileReference; fileEncoding = 4; lastKnownFileType = sourcecode.c.h; path = HyperManager.h; sourceTree = "<group>"; };
		35DC78FF2BFAD6AA00432284 /* Anchor.m */ = {isa = PBXFileReference; fileEncoding = 4; lastKnownFileType = sourcecode.c.objc; path = Anchor.m; sourceTree = "<group>"; };
		35DC79012BFAD6AA00432284 /* HTFile.h */ = {isa = PBXFileReference; fileEncoding = 4; lastKnownFileType = sourcecode.c.h; path = HTFile.h; sourceTree = "<group>"; };
		35DC79032BFAD6AA00432284 /* HTStyle.h */ = {isa = PBXFileReference; fileEncoding = 4; lastKnownFileType = sourcecode.c.h; path = HTStyle.h; sourceTree = "<group>"; };
		35DC79042BFAD6AA00432284 /* HTAccess.h */ = {isa = PBXFileReference; fileEncoding = 4; lastKnownFileType = sourcecode.c.h; path = HTAccess.h; sourceTree = "<group>"; };
		35DC79072BFAD6AA00432284 /* HTTP.h */ = {isa = PBXFileReference; fileEncoding = 4; lastKnownFileType = sourcecode.c.h; path = HTTP.h; sourceTree = "<group>"; };
		35DC79082BFAD6AA00432284 /* HyperText.h */ = {isa = PBXFileReference; fileEncoding = 4; lastKnownFileType = sourcecode.c.h; path = HyperText.h; sourceTree = "<group>"; };
		35DC79092BFAD6AA00432284 /* HyperAccess.m */ = {isa = PBXFileReference; fileEncoding = 4; lastKnownFileType = sourcecode.c.objc; path = HyperAccess.m; sourceTree = "<group>"; };
		35DC790A2BFAD6AA00432284 /* StyleToy.m */ = {isa = PBXFileReference; fileEncoding = 4; lastKnownFileType = sourcecode.c.objc; path = StyleToy.m; sourceTree = "<group>"; };
		35DC790C2BFAD6AA00432284 /* FileAccess.h */ = {isa = PBXFileReference; fileEncoding = 4; lastKnownFileType = sourcecode.c.h; path = FileAccess.h; sourceTree = "<group>"; };
		35DC790E2BFAD6AA00432284 /* HTTCP.h */ = {isa = PBXFileReference; fileEncoding = 4; lastKnownFileType = sourcecode.c.h; path = HTTCP.h; sourceTree = "<group>"; };
		35DC790F2BFAD6AA00432284 /* HTTCP.c */ = {isa = PBXFileReference; fileEncoding = 4; lastKnownFileType = sourcecode.c.c; path = HTTCP.c; sourceTree = "<group>"; };
		35DC79102BFAD6AA00432284 /* HTString.h */ = {isa = PBXFileReference; fileEncoding = 4; lastKnownFileType = sourcecode.c.h; path = HTString.h; sourceTree = "<group>"; };
		35DC79112BFAD6AA00432284 /* WWWPageLayout.m */ = {isa = PBXFileReference; fileEncoding = 4; lastKnownFileType = sourcecode.c.objc; path = WWWPageLayout.m; sourceTree = "<group>"; };
		35DC79122BFAD6AA00432284 /* FileAccess.m */ = {isa = PBXFileReference; fileEncoding = 4; lastKnownFileType = sourcecode.c.objc; path = FileAccess.m; sourceTree = "<group>"; };
		35DC79132BFAD6AA00432284 /* NewsAccess.h */ = {isa = PBXFileReference; fileEncoding = 4; lastKnownFileType = sourcecode.c.h; path = NewsAccess.h; sourceTree = "<group>"; };
		35DC79152BFAD6AA00432284 /* HTParse.h */ = {isa = PBXFileReference; fileEncoding = 4; lastKnownFileType = sourcecode.c.h; path = HTParse.h; sourceTree = "<group>"; };
		35DC79162BFAD6AA00432284 /* WWW.h */ = {isa = PBXFileReference; fileEncoding = 4; lastKnownFileType = sourcecode.c.h; path = WWW.h; sourceTree = "<group>"; };
		35DC79172BFAD6AA00432284 /* HyperAccess.h */ = {isa = PBXFileReference; fileEncoding = 4; lastKnownFileType = sourcecode.c.h; path = HyperAccess.h; sourceTree = "<group>"; };
		35DC79182BFAD6AA00432284 /* NewsAccess.m */ = {isa = PBXFileReference; fileEncoding = 4; lastKnownFileType = sourcecode.c.objc; path = NewsAccess.m; sourceTree = "<group>"; };
		35DC79192BFAD6AA00432284 /* HTFile.c */ = {isa = PBXFileReference; fileEncoding = 4; lastKnownFileType = sourcecode.c.c; path = HTFile.c; sourceTree = "<group>"; };
		35DC791A2BFAD6AA00432284 /* HTFTP.c */ = {isa = PBXFileReference; fileEncoding = 4; lastKnownFileType = sourcecode.c.c; path = HTFTP.c; sourceTree = "<group>"; };
		35DC791C2BFAD6AB00432284 /* HTAccess.c */ = {isa = PBXFileReference; fileEncoding = 4; lastKnownFileType = sourcecode.c.c; path = HTAccess.c; sourceTree = "<group>"; };
		35DC791E2BFAD6AB00432284 /* HyperText.m */ = {isa = PBXFileReference; fileEncoding = 4; lastKnownFileType = sourcecode.c.objc; path = HyperText.m; sourceTree = "<group>"; };
		35DC79202BFAD6AB00432284 /* HTTP.c */ = {isa = PBXFileReference; fileEncoding = 4; lastKnownFileType = sourcecode.c.c; path = HTTP.c; sourceTree = "<group>"; };
		35DC79212BFAD6AB00432284 /* TcpAccess.h */ = {isa = PBXFileReference; fileEncoding = 4; lastKnownFileType = sourcecode.c.h; path = TcpAccess.h; sourceTree = "<group>"; };
		35DC79222BFAD6AB00432284 /* HTFTP.h */ = {isa = PBXFileReference; fileEncoding = 4; lastKnownFileType = sourcecode.c.h; path = HTFTP.h; sourceTree = "<group>"; };
		35DC79252BFAD6AB00432284 /* HTString.c */ = {isa = PBXFileReference; fileEncoding = 4; lastKnownFileType = sourcecode.c.c; path = HTString.c; sourceTree = "<group>"; };
		35DC79262BFAD6AB00432284 /* TextToy.h */ = {isa = PBXFileReference; fileEncoding = 4; lastKnownFileType = sourcecode.c.h; path = TextToy.h; sourceTree = "<group>"; };
		35DC79272BFAD6AB00432284 /* TextToy.m */ = {isa = PBXFileReference; fileEncoding = 4; lastKnownFileType = sourcecode.c.objc; path = TextToy.m; sourceTree = "<group>"; };
		35DC79292BFAD6AB00432284 /* HTStyle.m */ = {isa = PBXFileReference; fileEncoding = 4; lastKnownFileType = sourcecode.c.objc; path = HTStyle.m; sourceTree = "<group>"; };
		35DC792A2BFAD6AB00432284 /* StyleToy.h */ = {isa = PBXFileReference; fileEncoding = 4; lastKnownFileType = sourcecode.c.h; path = StyleToy.h; sourceTree = "<group>"; };
		834673772C796EB4006F7FC0 /* NXShims.h */ = {isa = PBXFileReference; lastKnownFileType = sourcecode.c.h; path = NXShims.h; sourceTree = "<group>"; };
/* End PBXFileReference section */

/* Begin PBXFrameworksBuildPhase section */
		35DC78DA2BFAD62100432284 /* Frameworks */ = {
			isa = PBXFrameworksBuildPhase;
			buildActionMask = 2147483647;
			files = (
			);
			runOnlyForDeploymentPostprocessing = 0;
		};
/* End PBXFrameworksBuildPhase section */

/* Begin PBXGroup section */
		354F5A5D2C9523AA00CBFA57 /* Resources */ = {
			isa = PBXGroup;
			children = (
				35DC78E22BFAD62200432284 /* Assets.xcassets */,
				354F5A7A2C95245B00CBFA57 /* blank.html */,
				354F5A7D2C95245B00CBFA57 /* compact.style */,
				354F5A7C2C95245B00CBFA57 /* default.html */,
				354F5A792C95245B00CBFA57 /* default.style */,
				354F5A782C95245B00CBFA57 /* docflash.tiff */,
				354F5A752C95245B00CBFA57 /* docflash2.tiff */,
				354F5A7E2C95245B00CBFA57 /* help.html */,
				354F5A762C95245B00CBFA57 /* icon1.tiff */,
				354F5A7F2C95245B00CBFA57 /* paper.style */,
				354F5A772C95245B00CBFA57 /* project.style */,
				354F5A7B2C95245B00CBFA57 /* worldbook2.tiff */,
			);
			path = Resources;
			sourceTree = "<group>";
		};
		354F5A8C2C9525E700CBFA57 /* Sources */ = {
			isa = PBXGroup;
			children = (
				35DC78F02BFAD6AA00432284 /* Anchor.h */,
				35DC78FF2BFAD6AA00432284 /* Anchor.m */,
				35DC78DF2BFAD62100432284 /* AppDelegate.h */,
				35DC78E02BFAD62100432284 /* AppDelegate.m */,
				35DC790C2BFAD6AA00432284 /* FileAccess.h */,
				35DC79122BFAD6AA00432284 /* FileAccess.m */,
				35DC791C2BFAD6AB00432284 /* HTAccess.c */,
				35DC79042BFAD6AA00432284 /* HTAccess.h */,
				35DC79192BFAD6AA00432284 /* HTFile.c */,
				35DC79012BFAD6AA00432284 /* HTFile.h */,
				35DC791A2BFAD6AA00432284 /* HTFTP.c */,
				35DC79222BFAD6AB00432284 /* HTFTP.h */,
				35DC78F22BFAD6AA00432284 /* HTParse.c */,
				35DC79152BFAD6AA00432284 /* HTParse.h */,
				35DC79252BFAD6AB00432284 /* HTString.c */,
				35DC79102BFAD6AA00432284 /* HTString.h */,
				35DC79032BFAD6AA00432284 /* HTStyle.h */,
				35DC79292BFAD6AB00432284 /* HTStyle.m */,
				35DC790F2BFAD6AA00432284 /* HTTCP.c */,
				35DC790E2BFAD6AA00432284 /* HTTCP.h */,
				35DC79202BFAD6AB00432284 /* HTTP.c */,
				35DC79072BFAD6AA00432284 /* HTTP.h */,
				35DC78F62BFAD6AA00432284 /* HTUtils.h */,
				35DC79172BFAD6AA00432284 /* HyperAccess.h */,
				35DC79092BFAD6AA00432284 /* HyperAccess.m */,
				35DC78FC2BFAD6AA00432284 /* HyperManager.h */,
				35DC78F82BFAD6AA00432284 /* HyperManager.m */,
				35DC79082BFAD6AA00432284 /* HyperText.h */,
				35DC791E2BFAD6AB00432284 /* HyperText.m */,
				354F5A5C2C94A55800CBFA57 /* HyperTextDelegate.h */,
				354F5A592C94960A00CBFA57 /* NSAttributedString+Attributes.h */,
				354F5A5A2C94960A00CBFA57 /* NSAttributedString+Attributes.m */,
				35DC79132BFAD6AA00432284 /* NewsAccess.h */,
				35DC79182BFAD6AA00432284 /* NewsAccess.m */,
				834673772C796EB4006F7FC0 /* NXShims.h */,
				35DC78ED2BFAD6AA00432284 /* ParseHTML.h */,
				35DC792A2BFAD6AB00432284 /* StyleToy.h */,
				35DC790A2BFAD6AA00432284 /* StyleToy.m */,
				35DC78F42BFAD6AA00432284 /* tcp.h */,
				35DC79212BFAD6AB00432284 /* TcpAccess.h */,
				35DC78F72BFAD6AA00432284 /* TcpAccess.m */,
				35DC79262BFAD6AB00432284 /* TextToy.h */,
				35DC79272BFAD6AB00432284 /* TextToy.m */,
				35DC78F12BFAD6AA00432284 /* WorldWideWeb_main.m */,
				35DC79162BFAD6AA00432284 /* WWW.h */,
				35DC78FA2BFAD6AA00432284 /* WWWPageLayout.h */,
				35DC79112BFAD6AA00432284 /* WWWPageLayout.m */,
			);
			path = Sources;
			sourceTree = "<group>";
		};
		354F5A8D2C9525EE00CBFA57 /* UI */ = {
			isa = PBXGroup;
			children = (
				3590F34E2BFC108E00E81CF2 /* WorldWideWeb.xib */,
			);
			path = UI;
			sourceTree = "<group>";
		};
		359DEE7B2C90CFCB00FDB95E /* Reference */ = {
			isa = PBXGroup;
			children = (
				359DEE762C90CFCB00FDB95E /* MainMenu.xib */,
				359DEE772C90CFCB00FDB95E /* Minimal.xib */,
				359DEE782C90CFCB00FDB95E /* MinimalPlaceholders.xib */,
				359DEE792C90CFCB00FDB95E /* MinimalWindow.xib */,
				359DEE7C2C91147900FDB95E /* WorldWideWeb.json */,
				359DEE7D2C91147900FDB95E /* WorldWideWeb.xml */,
			);
			path = Reference;
			sourceTree = "<group>";
		};
		359DEE872C91148100FDB95E /* Scripts */ = {
			isa = PBXGroup;
			children = (
				359DEE802C91148100FDB95E /* convert-nib-to-graph */,
				359DEE812C91148100FDB95E /* convert-nib-to-json */,
				359DEE822C91148100FDB95E /* convert-nib-to-xib */,
				359DEE832C91148100FDB95E /* convert-nib-to-xml */,
				359DEE842C91148100FDB95E /* format */,
				359DEE852C91148100FDB95E /* regenerate-xibs */,
				359DEE862C91148100FDB95E /* requirements.txt */,
			);
			path = Scripts;
			sourceTree = "<group>";
		};
		35DC78872BFAD16400432284 = {
			isa = PBXGroup;
			children = (
				359DEE7B2C90CFCB00FDB95E /* Reference */,
				359DEE872C91148100FDB95E /* Scripts */,
				35DC78DE2BFAD62100432284 /* WorldWideWeb */,
				35DC78C92BFAD21000432284 /* Products */,
			);
			sourceTree = "<group>";
		};
		35DC78C92BFAD21000432284 /* Products */ = {
			isa = PBXGroup;
			children = (
				35DC78DD2BFAD62100432284 /* WorldWideWeb.app */,
			);
			name = Products;
			sourceTree = "<group>";
		};
		35DC78DE2BFAD62100432284 /* WorldWideWeb */ = {
			isa = PBXGroup;
			children = (
				354F5A8C2C9525E700CBFA57 /* Sources */,
				354F5A8D2C9525EE00CBFA57 /* UI */,
				354F5A5D2C9523AA00CBFA57 /* Resources */,
				35DC78E92BFAD62200432284 /* WorldWideWeb.entitlements */,
			);
			path = WorldWideWeb;
			sourceTree = "<group>";
		};
/* End PBXGroup section */

/* Begin PBXNativeTarget section */
		35DC78DC2BFAD62100432284 /* WorldWideWeb */ = {
			isa = PBXNativeTarget;
			buildConfigurationList = 35DC78EA2BFAD62200432284 /* Build configuration list for PBXNativeTarget "WorldWideWeb" */;
			buildPhases = (
				35DC78D92BFAD62100432284 /* Sources */,
				35DC78DA2BFAD62100432284 /* Frameworks */,
				35DC78DB2BFAD62100432284 /* Resources */,
			);
			buildRules = (
			);
			dependencies = (
			);
			name = WorldWideWeb;
			productName = WorldWideWeb;
			productReference = 35DC78DD2BFAD62100432284 /* WorldWideWeb.app */;
			productType = "com.apple.product-type.application";
		};
/* End PBXNativeTarget section */

/* Begin PBXProject section */
		35DC78882BFAD16400432284 /* Project object */ = {
			isa = PBXProject;
			attributes = {
				BuildIndependentTargetsInParallel = 1;
				LastUpgradeCheck = 1540;
				TargetAttributes = {
					35DC78DC2BFAD62100432284 = {
						CreatedOnToolsVersion = 15.4;
					};
				};
			};
			buildConfigurationList = 35DC788B2BFAD16400432284 /* Build configuration list for PBXProject "WorldWideWeb" */;
			compatibilityVersion = "Xcode 14.0";
			developmentRegion = en;
			hasScannedForEncodings = 0;
			knownRegions = (
				en,
				Base,
			);
			mainGroup = 35DC78872BFAD16400432284;
			productRefGroup = 35DC78C92BFAD21000432284 /* Products */;
			projectDirPath = "";
			projectRoot = "";
			targets = (
				35DC78DC2BFAD62100432284 /* WorldWideWeb */,
			);
		};
/* End PBXProject section */

/* Begin PBXResourcesBuildPhase section */
		35DC78DB2BFAD62100432284 /* Resources */ = {
			isa = PBXResourcesBuildPhase;
			buildActionMask = 2147483647;
			files = (
				354F5A882C95245B00CBFA57 /* compact.style in Resources */,
				354F5A892C95245B00CBFA57 /* help.html in Resources */,
				354F5A872C95245B00CBFA57 /* default.html in Resources */,
				3590F34F2BFC108E00E81CF2 /* WorldWideWeb.xib in Resources */,
				354F5A842C95245B00CBFA57 /* default.style in Resources */,
				354F5A8A2C95245B00CBFA57 /* paper.style in Resources */,
				354F5A822C95245B00CBFA57 /* project.style in Resources */,
				354F5A852C95245B00CBFA57 /* blank.html in Resources */,
				354F5A862C95245B00CBFA57 /* worldbook2.tiff in Resources */,
				35DC78E32BFAD62200432284 /* Assets.xcassets in Resources */,
				354F5A812C95245B00CBFA57 /* icon1.tiff in Resources */,
				354F5A832C95245B00CBFA57 /* docflash.tiff in Resources */,
				354F5A802C95245B00CBFA57 /* docflash2.tiff in Resources */,
			);
			runOnlyForDeploymentPostprocessing = 0;
		};
/* End PBXResourcesBuildPhase section */

/* Begin PBXSourcesBuildPhase section */
		35DC78D92BFAD62100432284 /* Sources */ = {
			isa = PBXSourcesBuildPhase;
			buildActionMask = 2147483647;
			files = (
				35DC792D2BFAD6AB00432284 /* WorldWideWeb_main.m in Sources */,
				35DC792E2BFAD6AB00432284 /* HTParse.c in Sources */,
				35DC79322BFAD6AB00432284 /* HyperManager.m in Sources */,
				35DC793E2BFAD6AB00432284 /* HTTCP.c in Sources */,
				35DC793B2BFAD6AB00432284 /* HyperAccess.m in Sources */,
				35DC79312BFAD6AB00432284 /* TcpAccess.m in Sources */,
				35DC79422BFAD6AB00432284 /* NewsAccess.m in Sources */,
				35DC79432BFAD6AB00432284 /* HTFile.c in Sources */,
				35DC79502BFAD6AB00432284 /* HTStyle.m in Sources */,
				35DC79482BFAD6AB00432284 /* HyperText.m in Sources */,
				35DC793C2BFAD6AB00432284 /* StyleToy.m in Sources */,
				35DC79362BFAD6AB00432284 /* Anchor.m in Sources */,
				354F5A5B2C94960A00CBFA57 /* NSAttributedString+Attributes.m in Sources */,
				35DC79462BFAD6AB00432284 /* HTAccess.c in Sources */,
				35DC794A2BFAD6AB00432284 /* HTTP.c in Sources */,
				35DC79402BFAD6AB00432284 /* FileAccess.m in Sources */,
				35DC793F2BFAD6AB00432284 /* WWWPageLayout.m in Sources */,
				35DC79442BFAD6AB00432284 /* HTFTP.c in Sources */,
				35DC78E12BFAD62100432284 /* AppDelegate.m in Sources */,
				35DC794E2BFAD6AB00432284 /* TextToy.m in Sources */,
				35DC794D2BFAD6AB00432284 /* HTString.c in Sources */,
			);
			runOnlyForDeploymentPostprocessing = 0;
		};
/* End PBXSourcesBuildPhase section */

/* Begin XCBuildConfiguration section */
		35DC788C2BFAD16400432284 /* Debug */ = {
			isa = XCBuildConfiguration;
			buildSettings = {
			};
			name = Debug;
		};
		35DC788D2BFAD16400432284 /* Release */ = {
			isa = XCBuildConfiguration;
			buildSettings = {
			};
			name = Release;
		};
		35DC78EB2BFAD62200432284 /* Debug */ = {
			isa = XCBuildConfiguration;
			buildSettings = {
				ALWAYS_SEARCH_USER_PATHS = NO;
				ASSETCATALOG_COMPILER_APPICON_NAME = AppIcon;
				ASSETCATALOG_COMPILER_GENERATE_SWIFT_ASSET_SYMBOL_EXTENSIONS = YES;
				ASSETCATALOG_COMPILER_GLOBAL_ACCENT_COLOR_NAME = AccentColor;
				CLANG_ANALYZER_NONNULL = YES;
				CLANG_ANALYZER_NUMBER_OBJECT_CONVERSION = YES_AGGRESSIVE;
				CLANG_CXX_LANGUAGE_STANDARD = "gnu++20";
				CLANG_ENABLE_MODULES = YES;
				CLANG_ENABLE_OBJC_ARC = YES;
				CLANG_ENABLE_OBJC_WEAK = YES;
				CLANG_WARN_BLOCK_CAPTURE_AUTORELEASING = YES;
				CLANG_WARN_BOOL_CONVERSION = YES;
				CLANG_WARN_COMMA = YES;
				CLANG_WARN_CONSTANT_CONVERSION = YES;
				CLANG_WARN_DEPRECATED_OBJC_IMPLEMENTATIONS = YES;
				CLANG_WARN_DIRECT_OBJC_ISA_USAGE = YES_ERROR;
				CLANG_WARN_DOCUMENTATION_COMMENTS = YES;
				CLANG_WARN_EMPTY_BODY = YES;
				CLANG_WARN_ENUM_CONVERSION = YES;
				CLANG_WARN_INFINITE_RECURSION = YES;
				CLANG_WARN_INT_CONVERSION = YES;
				CLANG_WARN_NON_LITERAL_NULL_CONVERSION = YES;
				CLANG_WARN_OBJC_IMPLICIT_RETAIN_SELF = YES;
				CLANG_WARN_OBJC_LITERAL_CONVERSION = YES;
				CLANG_WARN_OBJC_ROOT_CLASS = YES_ERROR;
				CLANG_WARN_QUOTED_INCLUDE_IN_FRAMEWORK_HEADER = YES;
				CLANG_WARN_RANGE_LOOP_ANALYSIS = YES;
				CLANG_WARN_STRICT_PROTOTYPES = YES;
				CLANG_WARN_SUSPICIOUS_MOVE = YES;
				CLANG_WARN_UNGUARDED_AVAILABILITY = YES_AGGRESSIVE;
				CLANG_WARN_UNREACHABLE_CODE = YES;
				CLANG_WARN__DUPLICATE_METHOD_MATCH = YES;
				CODE_SIGN_ENTITLEMENTS = WorldWideWeb/WorldWideWeb.entitlements;
				CODE_SIGN_STYLE = Automatic;
				COMBINE_HIDPI_IMAGES = YES;
				COPY_PHASE_STRIP = NO;
				CURRENT_PROJECT_VERSION = 1;
				DEBUG_INFORMATION_FORMAT = dwarf;
				ENABLE_STRICT_OBJC_MSGSEND = YES;
				ENABLE_TESTABILITY = YES;
				ENABLE_USER_SCRIPT_SANDBOXING = YES;
				GCC_C_LANGUAGE_STANDARD = gnu17;
				GCC_DYNAMIC_NO_PIC = NO;
				GCC_NO_COMMON_BLOCKS = YES;
				GCC_OPTIMIZATION_LEVEL = 0;
				GCC_PREPROCESSOR_DEFINITIONS = (
					"DEBUG=1",
					"$(inherited)",
				);
				GCC_WARN_64_TO_32_BIT_CONVERSION = YES;
				GCC_WARN_ABOUT_RETURN_TYPE = YES_ERROR;
				GCC_WARN_UNDECLARED_SELECTOR = YES;
				GCC_WARN_UNINITIALIZED_AUTOS = YES_AGGRESSIVE;
				GCC_WARN_UNUSED_FUNCTION = YES;
				GCC_WARN_UNUSED_VARIABLE = YES;
				GENERATE_INFOPLIST_FILE = YES;
				INFOPLIST_KEY_NSHumanReadableCopyright = "";
				INFOPLIST_KEY_NSMainNibFile = WorldWideWeb;
				INFOPLIST_KEY_NSPrincipalClass = NSApplication;
				LD_RUNPATH_SEARCH_PATHS = (
					"$(inherited)",
					"@executable_path/../Frameworks",
				);
				LOCALIZATION_PREFERS_STRING_CATALOGS = YES;
				MACOSX_DEPLOYMENT_TARGET = 10.15;
				MARKETING_VERSION = 1.0;
				MTL_ENABLE_DEBUG_INFO = INCLUDE_SOURCE;
				MTL_FAST_MATH = YES;
				ONLY_ACTIVE_ARCH = YES;
				PRODUCT_BUNDLE_IDENTIFIER = dev.fwcd.WorldWideWeb;
				PRODUCT_NAME = "$(TARGET_NAME)";
				SDKROOT = macosx;
				SWIFT_EMIT_LOC_STRINGS = YES;
			};
			name = Debug;
		};
		35DC78EC2BFAD62200432284 /* Release */ = {
			isa = XCBuildConfiguration;
			buildSettings = {
				ALWAYS_SEARCH_USER_PATHS = NO;
				ASSETCATALOG_COMPILER_APPICON_NAME = AppIcon;
				ASSETCATALOG_COMPILER_GENERATE_SWIFT_ASSET_SYMBOL_EXTENSIONS = YES;
				ASSETCATALOG_COMPILER_GLOBAL_ACCENT_COLOR_NAME = AccentColor;
				CLANG_ANALYZER_NONNULL = YES;
				CLANG_ANALYZER_NUMBER_OBJECT_CONVERSION = YES_AGGRESSIVE;
				CLANG_CXX_LANGUAGE_STANDARD = "gnu++20";
				CLANG_ENABLE_MODULES = YES;
				CLANG_ENABLE_OBJC_ARC = YES;
				CLANG_ENABLE_OBJC_WEAK = YES;
				CLANG_WARN_BLOCK_CAPTURE_AUTORELEASING = YES;
				CLANG_WARN_BOOL_CONVERSION = YES;
				CLANG_WARN_COMMA = YES;
				CLANG_WARN_CONSTANT_CONVERSION = YES;
				CLANG_WARN_DEPRECATED_OBJC_IMPLEMENTATIONS = YES;
				CLANG_WARN_DIRECT_OBJC_ISA_USAGE = YES_ERROR;
				CLANG_WARN_DOCUMENTATION_COMMENTS = YES;
				CLANG_WARN_EMPTY_BODY = YES;
				CLANG_WARN_ENUM_CONVERSION = YES;
				CLANG_WARN_INFINITE_RECURSION = YES;
				CLANG_WARN_INT_CONVERSION = YES;
				CLANG_WARN_NON_LITERAL_NULL_CONVERSION = YES;
				CLANG_WARN_OBJC_IMPLICIT_RETAIN_SELF = YES;
				CLANG_WARN_OBJC_LITERAL_CONVERSION = YES;
				CLANG_WARN_OBJC_ROOT_CLASS = YES_ERROR;
				CLANG_WARN_QUOTED_INCLUDE_IN_FRAMEWORK_HEADER = YES;
				CLANG_WARN_RANGE_LOOP_ANALYSIS = YES;
				CLANG_WARN_STRICT_PROTOTYPES = YES;
				CLANG_WARN_SUSPICIOUS_MOVE = YES;
				CLANG_WARN_UNGUARDED_AVAILABILITY = YES_AGGRESSIVE;
				CLANG_WARN_UNREACHABLE_CODE = YES;
				CLANG_WARN__DUPLICATE_METHOD_MATCH = YES;
				CODE_SIGN_ENTITLEMENTS = WorldWideWeb/WorldWideWeb.entitlements;
				CODE_SIGN_STYLE = Automatic;
				COMBINE_HIDPI_IMAGES = YES;
				COPY_PHASE_STRIP = NO;
				CURRENT_PROJECT_VERSION = 1;
				DEBUG_INFORMATION_FORMAT = "dwarf-with-dsym";
				ENABLE_NS_ASSERTIONS = NO;
				ENABLE_STRICT_OBJC_MSGSEND = YES;
				ENABLE_USER_SCRIPT_SANDBOXING = YES;
				GCC_C_LANGUAGE_STANDARD = gnu17;
				GCC_NO_COMMON_BLOCKS = YES;
				GCC_WARN_64_TO_32_BIT_CONVERSION = YES;
				GCC_WARN_ABOUT_RETURN_TYPE = YES_ERROR;
				GCC_WARN_UNDECLARED_SELECTOR = YES;
				GCC_WARN_UNINITIALIZED_AUTOS = YES_AGGRESSIVE;
				GCC_WARN_UNUSED_FUNCTION = YES;
				GCC_WARN_UNUSED_VARIABLE = YES;
				GENERATE_INFOPLIST_FILE = YES;
				INFOPLIST_KEY_NSHumanReadableCopyright = "";
				INFOPLIST_KEY_NSMainNibFile = WorldWideWeb;
				INFOPLIST_KEY_NSPrincipalClass = NSApplication;
				LD_RUNPATH_SEARCH_PATHS = (
					"$(inherited)",
					"@executable_path/../Frameworks",
				);
				LOCALIZATION_PREFERS_STRING_CATALOGS = YES;
				MACOSX_DEPLOYMENT_TARGET = 10.15;
				MARKETING_VERSION = 1.0;
				MTL_ENABLE_DEBUG_INFO = NO;
				MTL_FAST_MATH = YES;
				PRODUCT_BUNDLE_IDENTIFIER = dev.fwcd.WorldWideWeb;
				PRODUCT_NAME = "$(TARGET_NAME)";
				SDKROOT = macosx;
				SWIFT_EMIT_LOC_STRINGS = YES;
			};
			name = Release;
		};
/* End XCBuildConfiguration section */

/* Begin XCConfigurationList section */
		35DC788B2BFAD16400432284 /* Build configuration list for PBXProject "WorldWideWeb" */ = {
			isa = XCConfigurationList;
			buildConfigurations = (
				35DC788C2BFAD16400432284 /* Debug */,
				35DC788D2BFAD16400432284 /* Release */,
			);
			defaultConfigurationIsVisible = 0;
			defaultConfigurationName = Release;
		};
		35DC78EA2BFAD62200432284 /* Build configuration list for PBXNativeTarget "WorldWideWeb" */ = {
			isa = XCConfigurationList;
			buildConfigurations = (
				35DC78EB2BFAD62200432284 /* Debug */,
				35DC78EC2BFAD62200432284 /* Release */,
			);
			defaultConfigurationIsVisible = 0;
			defaultConfigurationName = Release;
		};
/* End XCConfigurationList section */
	};
	rootObject = 35DC78882BFAD16400432284 /* Project object */;
}
